
Microsoft Visual Studio Solution File, Format Version 12.00
Project("{2150E333-8FDC-42A3-9474-1A3956D46DE8}") = "Services", "Services", "{A4A5E422-DA9F-4162-83BD-49414AC46E23}"
EndProject
Project("{2150E333-8FDC-42A3-9474-1A3956D46DE8}") = "Catalog", "Catalog", "{DAC485D3-F972-4A12-8C47-E7F57B09B264}"
EndProject
Project("{FAE04EC0-301F-11D3-BF4B-00C04F79EFBC}") = "MultiShop.Catalog", "MultiShop.Catalog\MultiShop.Catalog.csproj", "{EF707AB7-FD79-4456-8395-D231C26AE018}"
EndProject
Project("{2150E333-8FDC-42A3-9474-1A3956D46DE8}") = "Discount", "Discount", "{2082F8DD-1A53-4ECE-8840-D2C1DE18B99B}"
EndProject
Project("{FAE04EC0-301F-11D3-BF4B-00C04F79EFBC}") = "MultiShop.Discount", "Services\Discount\MultiShop.Discount\MultiShop.Discount.csproj", "{D6F3768B-7C7F-424D-93B8-BDA1732B70C6}"
EndProject
Project("{2150E333-8FDC-42A3-9474-1A3956D46DE8}") = "Order", "Order", "{AA8BB404-9E1D-4284-8ADD-D0960C30CA04}"
EndProject
Project("{2150E333-8FDC-42A3-9474-1A3956D46DE8}") = "Core", "Core", "{603B4EAC-4E28-4EC4-B67B-18A39AB72E27}"
EndProject
Project("{2150E333-8FDC-42A3-9474-1A3956D46DE8}") = "Infrastructure", "Infrastructure", "{4856F6C9-0CF7-4C72-AE68-53467DE69648}"
EndProject
Project("{2150E333-8FDC-42A3-9474-1A3956D46DE8}") = "Presentation", "Presentation", "{24A9D652-A88A-489E-8EE0-9070714E97B6}"
EndProject
Project("{FAE04EC0-301F-11D3-BF4B-00C04F79EFBC}") = "MultiShop.Order.Domain", "Services\Order\Core\MultiShop.Order.Domain\MultiShop.Order.Domain.csproj", "{97B062E2-F0C8-4F19-8595-30D117501F81}"
EndProject
Project("{FAE04EC0-301F-11D3-BF4B-00C04F79EFBC}") = "MultiShop.Order.Application", "Services\Order\Core\MultiShop.Order.Application\MultiShop.Order.Application.csproj", "{43AAD9BF-A582-4259-B841-39E81968190A}"
EndProject
Project("{FAE04EC0-301F-11D3-BF4B-00C04F79EFBC}") = "MultiShop.Order.Persistence", "Services\Order\Infrastructure\MultiShop.Order.Persistence\MultiShop.Order.Persistence.csproj", "{5E0CA8B6-5A62-4F80-83BD-1150B1910D37}"
EndProject
Project("{FAE04EC0-301F-11D3-BF4B-00C04F79EFBC}") = "MultiShop.Order.WebAPI", "Services\Order\Presentation\MultiShop.Order.WebAPI\MultiShop.Order.WebAPI.csproj", "{03AC4CC1-2B63-44E1-876D-46749E005AA2}"
EndProject
Project("{2150E333-8FDC-42A3-9474-1A3956D46DE8}") = "IdentityServer", "IdentityServer", "{30301E41-E6CD-4D1E-834F-00153B38FF98}"
EndProject
Project("{FAE04EC0-301F-11D3-BF4B-00C04F79EFBC}") = "MultiShop.IdentityServer", "IdentityServer\MultiShop.IdentityServer\MultiShop.IdentityServer.csproj", "{9DAE4800-01AA-4C78-B0A3-2C78A9B70EF3}"
EndProject
Project("{2150E333-8FDC-42A3-9474-1A3956D46DE8}") = "Requirements", "Requirements", "{2A0ECAA2-1D43-43E3-9132-2E45CCCB5412}"
	ProjectSection(SolutionItems) = preProject
		PortainerCmd.txt = PortainerCmd.txt
	EndProjectSection
EndProject
Project("{2150E333-8FDC-42A3-9474-1A3956D46DE8}") = "Cargo", "Cargo", "{0FDD7AC7-61A3-49B7-B3A7-0E534DF7EE54}"
EndProject
Project("{FAE04EC0-301F-11D3-BF4B-00C04F79EFBC}") = "MultiShop.Cargo.WebAPI", "Services\Cargo\MultiShop.Cargo.WebAPI\MultiShop.Cargo.WebAPI.csproj", "{888FF13A-6C64-418F-8211-DCBDECC08ACE}"
EndProject
Global
	GlobalSection(SolutionConfigurationPlatforms) = preSolution
		Debug|Any CPU = Debug|Any CPU
		Release|Any CPU = Release|Any CPU
	EndGlobalSection
	GlobalSection(NestedProjects) = preSolution
		{DAC485D3-F972-4A12-8C47-E7F57B09B264} = {A4A5E422-DA9F-4162-83BD-49414AC46E23}
		{EF707AB7-FD79-4456-8395-D231C26AE018} = {DAC485D3-F972-4A12-8C47-E7F57B09B264}
		{2082F8DD-1A53-4ECE-8840-D2C1DE18B99B} = {A4A5E422-DA9F-4162-83BD-49414AC46E23}
		{D6F3768B-7C7F-424D-93B8-BDA1732B70C6} = {2082F8DD-1A53-4ECE-8840-D2C1DE18B99B}
		{AA8BB404-9E1D-4284-8ADD-D0960C30CA04} = {A4A5E422-DA9F-4162-83BD-49414AC46E23}
		{603B4EAC-4E28-4EC4-B67B-18A39AB72E27} = {AA8BB404-9E1D-4284-8ADD-D0960C30CA04}
		{4856F6C9-0CF7-4C72-AE68-53467DE69648} = {AA8BB404-9E1D-4284-8ADD-D0960C30CA04}
		{24A9D652-A88A-489E-8EE0-9070714E97B6} = {AA8BB404-9E1D-4284-8ADD-D0960C30CA04}
		{97B062E2-F0C8-4F19-8595-30D117501F81} = {603B4EAC-4E28-4EC4-B67B-18A39AB72E27}
		{43AAD9BF-A582-4259-B841-39E81968190A} = {603B4EAC-4E28-4EC4-B67B-18A39AB72E27}
		{5E0CA8B6-5A62-4F80-83BD-1150B1910D37} = {4856F6C9-0CF7-4C72-AE68-53467DE69648}
		{03AC4CC1-2B63-44E1-876D-46749E005AA2} = {24A9D652-A88A-489E-8EE0-9070714E97B6}
		{9DAE4800-01AA-4C78-B0A3-2C78A9B70EF3} = {30301E41-E6CD-4D1E-834F-00153B38FF98}
		{0FDD7AC7-61A3-49B7-B3A7-0E534DF7EE54} = {A4A5E422-DA9F-4162-83BD-49414AC46E23}
		{888FF13A-6C64-418F-8211-DCBDECC08ACE} = {0FDD7AC7-61A3-49B7-B3A7-0E534DF7EE54}
	EndGlobalSection
	GlobalSection(ProjectConfigurationPlatforms) = postSolution
		{EF707AB7-FD79-4456-8395-D231C26AE018}.Debug|Any CPU.ActiveCfg = Debug|Any CPU
		{EF707AB7-FD79-4456-8395-D231C26AE018}.Debug|Any CPU.Build.0 = Debug|Any CPU
		{EF707AB7-FD79-4456-8395-D231C26AE018}.Release|Any CPU.ActiveCfg = Release|Any CPU
		{EF707AB7-FD79-4456-8395-D231C26AE018}.Release|Any CPU.Build.0 = Release|Any CPU
		{D6F3768B-7C7F-424D-93B8-BDA1732B70C6}.Debug|Any CPU.ActiveCfg = Debug|Any CPU
		{D6F3768B-7C7F-424D-93B8-BDA1732B70C6}.Debug|Any CPU.Build.0 = Debug|Any CPU
		{D6F3768B-7C7F-424D-93B8-BDA1732B70C6}.Release|Any CPU.ActiveCfg = Release|Any CPU
		{D6F3768B-7C7F-424D-93B8-BDA1732B70C6}.Release|Any CPU.Build.0 = Release|Any CPU
		{97B062E2-F0C8-4F19-8595-30D117501F81}.Debug|Any CPU.ActiveCfg = Debug|Any CPU
		{97B062E2-F0C8-4F19-8595-30D117501F81}.Debug|Any CPU.Build.0 = Debug|Any CPU
		{97B062E2-F0C8-4F19-8595-30D117501F81}.Release|Any CPU.ActiveCfg = Release|Any CPU
		{97B062E2-F0C8-4F19-8595-30D117501F81}.Release|Any CPU.Build.0 = Release|Any CPU
		{43AAD9BF-A582-4259-B841-39E81968190A}.Debug|Any CPU.ActiveCfg = Debug|Any CPU
		{43AAD9BF-A582-4259-B841-39E81968190A}.Debug|Any CPU.Build.0 = Debug|Any CPU
		{43AAD9BF-A582-4259-B841-39E81968190A}.Release|Any CPU.ActiveCfg = Release|Any CPU
		{43AAD9BF-A582-4259-B841-39E81968190A}.Release|Any CPU.Build.0 = Release|Any CPU
		{5E0CA8B6-5A62-4F80-83BD-1150B1910D37}.Debug|Any CPU.ActiveCfg = Debug|Any CPU
		{5E0CA8B6-5A62-4F80-83BD-1150B1910D37}.Debug|Any CPU.Build.0 = Debug|Any CPU
		{5E0CA8B6-5A62-4F80-83BD-1150B1910D37}.Release|Any CPU.ActiveCfg = Release|Any CPU
		{5E0CA8B6-5A62-4F80-83BD-1150B1910D37}.Release|Any CPU.Build.0 = Release|Any CPU
		{03AC4CC1-2B63-44E1-876D-46749E005AA2}.Debug|Any CPU.ActiveCfg = Debug|Any CPU
		{03AC4CC1-2B63-44E1-876D-46749E005AA2}.Debug|Any CPU.Build.0 = Debug|Any CPU
		{03AC4CC1-2B63-44E1-876D-46749E005AA2}.Release|Any CPU.ActiveCfg = Release|Any CPU
		{03AC4CC1-2B63-44E1-876D-46749E005AA2}.Release|Any CPU.Build.0 = Release|Any CPU
		{9DAE4800-01AA-4C78-B0A3-2C78A9B70EF3}.Debug|Any CPU.ActiveCfg = Debug|Any CPU
		{9DAE4800-01AA-4C78-B0A3-2C78A9B70EF3}.Debug|Any CPU.Build.0 = Debug|Any CPU
		{9DAE4800-01AA-4C78-B0A3-2C78A9B70EF3}.Release|Any CPU.ActiveCfg = Release|Any CPU
		{9DAE4800-01AA-4C78-B0A3-2C78A9B70EF3}.Release|Any CPU.Build.0 = Release|Any CPU
		{888FF13A-6C64-418F-8211-DCBDECC08ACE}.Debug|Any CPU.ActiveCfg = Debug|Any CPU
		{888FF13A-6C64-418F-8211-DCBDECC08ACE}.Debug|Any CPU.Build.0 = Debug|Any CPU
		{888FF13A-6C64-418F-8211-DCBDECC08ACE}.Release|Any CPU.ActiveCfg = Release|Any CPU
		{888FF13A-6C64-418F-8211-DCBDECC08ACE}.Release|Any CPU.Build.0 = Release|Any CPU
	EndGlobalSection
EndGlobal
